
Microsoft Visual Studio Solution File, Format Version 12.00
# Visual Studio 15
VisualStudioVersion = 15.0.28307.2092
MinimumVisualStudioVersion = 10.0.40219.1
Project("{FAE04EC0-301F-11D3-BF4B-00C04F79EFBC}") = "CallCenterExtension", "CallCenterExtension\CallCenterExtension.csproj", "{BFEF8791-4BCA-46FE-A1EF-96371AFD02D8}"
EndProject
Global
	GlobalSection(SolutionConfigurationPlatforms) = preSolution
		Debug|Any CPU = Debug|Any CPU
		Release|Any CPU = Release|Any CPU
	EndGlobalSection
	GlobalSection(ProjectConfigurationPlatforms) = postSolution
		{BFEF8791-4BCA-46FE-A1EF-96371AFD02D8}.Debug|Any CPU.ActiveCfg = Debug|Any CPU
		{BFEF8791-4BCA-46FE-A1EF-96371AFD02D8}.Debug|Any CPU.Build.0 = Debug|Any CPU
		{BFEF8791-4BCA-46FE-A1EF-96371AFD02D8}.Release|Any CPU.ActiveCfg = Release|Any CPU
		{BFEF8791-4BCA-46FE-A1EF-96371AFD02D8}.Release|Any CPU.Build.0 = Release|Any CPU
	EndGlobalSection
	GlobalSection(SolutionProperties) = preSolution
		HideSolutionNode = FALSE
	EndGlobalSection
	GlobalSection(ExtensibilityGlobals) = postSolution
		SolutionGuid = {66694FA0-D43C-4AF6-A062-17FF1A3C3668}
	EndGlobalSection
EndGlobal
